
Microsoft Visual Studio Solution File, Format Version 12.00
# Visual Studio Version 17
VisualStudioVersion = 17.11.35219.272
MinimumVisualStudioVersion = 10.0.40219.1
Project("{FAE04EC0-301F-11D3-BF4B-00C04F79EFBC}") = "ComputerShop", "ComputerShop\ComputerShop.csproj", "{1BD5EBB8-9BBF-4AB0-BD68-2D5A6B8D0FB4}"
EndProject
Global
	GlobalSection(SolutionConfigurationPlatforms) = preSolution
		Debug|Any CPU = Debug|Any CPU
		Release|Any CPU = Release|Any CPU
	EndGlobalSection
	GlobalSection(ProjectConfigurationPlatforms) = postSolution
		{1BD5EBB8-9BBF-4AB0-BD68-2D5A6B8D0FB4}.Debug|Any CPU.ActiveCfg = Debug|Any CPU
		{1BD5EBB8-9BBF-4AB0-BD68-2D5A6B8D0FB4}.Debug|Any CPU.Build.0 = Debug|Any CPU
		{1BD5EBB8-9BBF-4AB0-BD68-2D5A6B8D0FB4}.Release|Any CPU.ActiveCfg = Release|Any CPU
		{1BD5EBB8-9BBF-4AB0-BD68-2D5A6B8D0FB4}.Release|Any CPU.Build.0 = Release|Any CPU
	EndGlobalSection
	GlobalSection(SolutionProperties) = preSolution
		HideSolutionNode = FALSE
	EndGlobalSection
	GlobalSection(ExtensibilityGlobals) = postSolution
		SolutionGuid = {836C5624-C465-4E09-829F-ACC85FC070B7}
	EndGlobalSection
EndGlobal
